
Microsoft Visual Studio Solution File, Format Version 12.00
# Visual Studio Version 17
VisualStudioVersion = 17.2.32616.157
MinimumVisualStudioVersion = 10.0.40219.1
Project("{FAE04EC0-301F-11D3-BF4B-00C04F79EFBC}") = "ConsolePaswoorden", "ConsolePaswoorden\ConsolePaswoorden.csproj", "{DC415CB0-77BD-4C53-8534-EE99127F7B8E}"
EndProject
Global
	GlobalSection(SolutionConfigurationPlatforms) = preSolution
		Debug|Any CPU = Debug|Any CPU
		Release|Any CPU = Release|Any CPU
	EndGlobalSection
	GlobalSection(ProjectConfigurationPlatforms) = postSolution
		{DC415CB0-77BD-4C53-8534-EE99127F7B8E}.Debug|Any CPU.ActiveCfg = Debug|Any CPU
		{DC415CB0-77BD-4C53-8534-EE99127F7B8E}.Debug|Any CPU.Build.0 = Debug|Any CPU
		{DC415CB0-77BD-4C53-8534-EE99127F7B8E}.Release|Any CPU.ActiveCfg = Release|Any CPU
		{DC415CB0-77BD-4C53-8534-EE99127F7B8E}.Release|Any CPU.Build.0 = Release|Any CPU
	EndGlobalSection
	GlobalSection(SolutionProperties) = preSolution
		HideSolutionNode = FALSE
	EndGlobalSection
	GlobalSection(ExtensibilityGlobals) = postSolution
		SolutionGuid = {C07E0784-42AE-49B3-AC5A-AE26E064EA22}
	EndGlobalSection
EndGlobal
